// !$*UTF8*$!
{
	archiveVersion = 1;
	classes = {
	};
	objectVersion = 50;
	objects = {

/* Begin PBXBuildFile section */
		3ECBE6033C1BBF7AA886B818 /* Pods_WoongTalk.framework in Frameworks */ = {isa = PBXBuildFile; fileRef = C2674BD000FD24B6E3756A4C /* Pods_WoongTalk.framework */; };
		4CA2DED42190184E00D03DC1 /* AppDelegate.swift in Sources */ = {isa = PBXBuildFile; fileRef = 4CA2DED32190184E00D03DC1 /* AppDelegate.swift */; };
		4CA2DED62190184E00D03DC1 /* ViewController.swift in Sources */ = {isa = PBXBuildFile; fileRef = 4CA2DED52190184E00D03DC1 /* ViewController.swift */; };
		4CA2DED92190184E00D03DC1 /* Main.storyboard in Resources */ = {isa = PBXBuildFile; fileRef = 4CA2DED72190184E00D03DC1 /* Main.storyboard */; };
		4CA2DEDE2190185600D03DC1 /* LaunchScreen.storyboard in Resources */ = {isa = PBXBuildFile; fileRef = 4CA2DEDC2190185600D03DC1 /* LaunchScreen.storyboard */; };
		4CA2DEE621901CAE00D03DC1 /* GoogleService-Info.plist in Resources */ = {isa = PBXBuildFile; fileRef = 4CA2DEE521901CAE00D03DC1 /* GoogleService-Info.plist */; };
		4CA2DEE82190275B00D03DC1 /* RemoteConfigDefaults.plist in Resources */ = {isa = PBXBuildFile; fileRef = 4CA2DEE72190275B00D03DC1 /* RemoteConfigDefaults.plist */; };
		4CA2DEEA21903A4900D03DC1 /* LoginViewController.swift in Sources */ = {isa = PBXBuildFile; fileRef = 4CA2DEE921903A4900D03DC1 /* LoginViewController.swift */; };
		4CA2DEEC21903AED00D03DC1 /* Assets.xcassets in Resources */ = {isa = PBXBuildFile; fileRef = 4CA2DEEB21903AED00D03DC1 /* Assets.xcassets */; };
		4CA2DEEE2190436400D03DC1 /* SignupViewController.swift in Sources */ = {isa = PBXBuildFile; fileRef = 4CA2DEED2190436400D03DC1 /* SignupViewController.swift */; };
		4CCA999321983C8500B22B13 /* ChatViewController.swift in Sources */ = {isa = PBXBuildFile; fileRef = 4CCA999221983C8500B22B13 /* ChatViewController.swift */; };
		4CCA999621983EB500B22B13 /* ChatModel.swift in Sources */ = {isa = PBXBuildFile; fileRef = 4CCA999521983EB500B22B13 /* ChatModel.swift */; };
		4CD2DF59219436220035B9D5 /* PeopleViewController.swift in Sources */ = {isa = PBXBuildFile; fileRef = 4CD2DF58219436220035B9D5 /* PeopleViewController.swift */; };
		4CD2DF5D21949A140035B9D5 /* UserModel.swift in Sources */ = {isa = PBXBuildFile; fileRef = 4CD2DF5C21949A140035B9D5 /* UserModel.swift */; };
/* End PBXBuildFile section */

/* Begin PBXFileReference section */
		1CCAEA20DFAA39B26A017537 /* Pods-WoongTalk.debug.xcconfig */ = {isa = PBXFileReference; includeInIndex = 1; lastKnownFileType = text.xcconfig; name = "Pods-WoongTalk.debug.xcconfig"; path = "Pods/Target Support Files/Pods-WoongTalk/Pods-WoongTalk.debug.xcconfig"; sourceTree = "<group>"; };
		4CA2DED02190184E00D03DC1 /* WoongTalk.app */ = {isa = PBXFileReference; explicitFileType = wrapper.application; includeInIndex = 0; path = WoongTalk.app; sourceTree = BUILT_PRODUCTS_DIR; };
		4CA2DED32190184E00D03DC1 /* AppDelegate.swift */ = {isa = PBXFileReference; lastKnownFileType = sourcecode.swift; path = AppDelegate.swift; sourceTree = "<group>"; };
		4CA2DED52190184E00D03DC1 /* ViewController.swift */ = {isa = PBXFileReference; lastKnownFileType = sourcecode.swift; path = ViewController.swift; sourceTree = "<group>"; };
		4CA2DED82190184E00D03DC1 /* Base */ = {isa = PBXFileReference; lastKnownFileType = file.storyboard; name = Base; path = Base.lproj/Main.storyboard; sourceTree = "<group>"; };
		4CA2DEDD2190185600D03DC1 /* Base */ = {isa = PBXFileReference; lastKnownFileType = file.storyboard; name = Base; path = Base.lproj/LaunchScreen.storyboard; sourceTree = "<group>"; };
		4CA2DEDF2190185600D03DC1 /* Info.plist */ = {isa = PBXFileReference; lastKnownFileType = text.plist.xml; path = Info.plist; sourceTree = "<group>"; };
		4CA2DEE521901CAE00D03DC1 /* GoogleService-Info.plist */ = {isa = PBXFileReference; fileEncoding = 4; lastKnownFileType = text.plist.xml; name = "GoogleService-Info.plist"; path = "../../../../../Downloads/GoogleService-Info.plist"; sourceTree = "<group>"; };
		4CA2DEE72190275B00D03DC1 /* RemoteConfigDefaults.plist */ = {isa = PBXFileReference; lastKnownFileType = text.plist.xml; path = RemoteConfigDefaults.plist; sourceTree = "<group>"; };
		4CA2DEE921903A4900D03DC1 /* LoginViewController.swift */ = {isa = PBXFileReference; lastKnownFileType = sourcecode.swift; path = LoginViewController.swift; sourceTree = "<group>"; };
		4CA2DEEB21903AED00D03DC1 /* Assets.xcassets */ = {isa = PBXFileReference; lastKnownFileType = folder.assetcatalog; name = Assets.xcassets; path = ../../SimpleVideoPlayer/SimpleVideoPlayer/Assets.xcassets; sourceTree = "<group>"; };
		4CA2DEED2190436400D03DC1 /* SignupViewController.swift */ = {isa = PBXFileReference; lastKnownFileType = sourcecode.swift; path = SignupViewController.swift; sourceTree = "<group>"; };
		4CCA999221983C8500B22B13 /* ChatViewController.swift */ = {isa = PBXFileReference; lastKnownFileType = sourcecode.swift; path = ChatViewController.swift; sourceTree = "<group>"; };
		4CCA999521983EB500B22B13 /* ChatModel.swift */ = {isa = PBXFileReference; lastKnownFileType = sourcecode.swift; path = ChatModel.swift; sourceTree = "<group>"; };
		4CD2DF58219436220035B9D5 /* PeopleViewController.swift */ = {isa = PBXFileReference; lastKnownFileType = sourcecode.swift; path = PeopleViewController.swift; sourceTree = "<group>"; };
		4CD2DF5C21949A140035B9D5 /* UserModel.swift */ = {isa = PBXFileReference; lastKnownFileType = sourcecode.swift; path = UserModel.swift; sourceTree = "<group>"; };
		6F97289EEDA0DC5962FE556A /* Pods-WoongTalk.release.xcconfig */ = {isa = PBXFileReference; includeInIndex = 1; lastKnownFileType = text.xcconfig; name = "Pods-WoongTalk.release.xcconfig"; path = "Pods/Target Support Files/Pods-WoongTalk/Pods-WoongTalk.release.xcconfig"; sourceTree = "<group>"; };
		C2674BD000FD24B6E3756A4C /* Pods_WoongTalk.framework */ = {isa = PBXFileReference; explicitFileType = wrapper.framework; includeInIndex = 0; path = Pods_WoongTalk.framework; sourceTree = BUILT_PRODUCTS_DIR; };
/* End PBXFileReference section */

/* Begin PBXFrameworksBuildPhase section */
		4CA2DECD2190184E00D03DC1 /* Frameworks */ = {
			isa = PBXFrameworksBuildPhase;
			buildActionMask = 2147483647;
			files = (
				3ECBE6033C1BBF7AA886B818 /* Pods_WoongTalk.framework in Frameworks */,
			);
			runOnlyForDeploymentPostprocessing = 0;
		};
/* End PBXFrameworksBuildPhase section */

/* Begin PBXGroup section */
		1B0E0756C86DF2ABBE34A204 /* Pods */ = {
			isa = PBXGroup;
			children = (
				1CCAEA20DFAA39B26A017537 /* Pods-WoongTalk.debug.xcconfig */,
				6F97289EEDA0DC5962FE556A /* Pods-WoongTalk.release.xcconfig */,
			);
			name = Pods;
			sourceTree = "<group>";
		};
		4CA2DEC72190184E00D03DC1 = {
			isa = PBXGroup;
			children = (
				4CA2DED22190184E00D03DC1 /* WoongTalk */,
				4CA2DED12190184E00D03DC1 /* Products */,
				1B0E0756C86DF2ABBE34A204 /* Pods */,
				C9FD89AD44CC0C8079601B08 /* Frameworks */,
			);
			sourceTree = "<group>";
		};
		4CA2DED12190184E00D03DC1 /* Products */ = {
			isa = PBXGroup;
			children = (
				4CA2DED02190184E00D03DC1 /* WoongTalk.app */,
			);
			name = Products;
			sourceTree = "<group>";
		};
		4CA2DED22190184E00D03DC1 /* WoongTalk */ = {
			isa = PBXGroup;
			children = (
				4CCA999421983E7B00B22B13 /* Model */,
				4CA2DEE521901CAE00D03DC1 /* GoogleService-Info.plist */,
				4CA2DEEB21903AED00D03DC1 /* Assets.xcassets */,
				4CA2DED32190184E00D03DC1 /* AppDelegate.swift */,
				4CA2DED52190184E00D03DC1 /* ViewController.swift */,
				4CA2DEE921903A4900D03DC1 /* LoginViewController.swift */,
				4CA2DEED2190436400D03DC1 /* SignupViewController.swift */,
				4CA2DEE72190275B00D03DC1 /* RemoteConfigDefaults.plist */,
				4CA2DED72190184E00D03DC1 /* Main.storyboard */,
				4CA2DEDC2190185600D03DC1 /* LaunchScreen.storyboard */,
				4CD2DF58219436220035B9D5 /* PeopleViewController.swift */,
				4CA2DEDF2190185600D03DC1 /* Info.plist */,
				4CCA999221983C8500B22B13 /* ChatViewController.swift */,
			);
			path = WoongTalk;
			sourceTree = "<group>";
		};
		4CCA999421983E7B00B22B13 /* Model */ = {
			isa = PBXGroup;
			children = (
				4CD2DF5C21949A140035B9D5 /* UserModel.swift */,
				4CCA999521983EB500B22B13 /* ChatModel.swift */,
			);
			path = Model;
			sourceTree = "<group>";
		};
		C9FD89AD44CC0C8079601B08 /* Frameworks */ = {
			isa = PBXGroup;
			children = (
				C2674BD000FD24B6E3756A4C /* Pods_WoongTalk.framework */,
			);
			name = Frameworks;
			sourceTree = "<group>";
		};
/* End PBXGroup section */

/* Begin PBXNativeTarget section */
		4CA2DECF2190184E00D03DC1 /* WoongTalk */ = {
			isa = PBXNativeTarget;
			buildConfigurationList = 4CA2DEE22190185600D03DC1 /* Build configuration list for PBXNativeTarget "WoongTalk" */;
			buildPhases = (
				8DC428CCB8C7011E8BC871A9 /* [CP] Check Pods Manifest.lock */,
				4CA2DECC2190184E00D03DC1 /* Sources */,
				4CA2DECD2190184E00D03DC1 /* Frameworks */,
				4CA2DECE2190184E00D03DC1 /* Resources */,
				8730AF8482B7D8D8644F0AB4 /* [CP] Embed Pods Frameworks */,
			);
			buildRules = (
			);
			dependencies = (
			);
			name = WoongTalk;
			productName = WoongTalk;
			productReference = 4CA2DED02190184E00D03DC1 /* WoongTalk.app */;
			productType = "com.apple.product-type.application";
		};
/* End PBXNativeTarget section */

/* Begin PBXProject section */
		4CA2DEC82190184E00D03DC1 /* Project object */ = {
			isa = PBXProject;
			attributes = {
				LastSwiftUpdateCheck = 1000;
				LastUpgradeCheck = 1000;
				ORGANIZATIONNAME = woong;
				TargetAttributes = {
					4CA2DECF2190184E00D03DC1 = {
						CreatedOnToolsVersion = 10.0;
					};
				};
			};
			buildConfigurationList = 4CA2DECB2190184E00D03DC1 /* Build configuration list for PBXProject "WoongTalk" */;
			compatibilityVersion = "Xcode 9.3";
			developmentRegion = en;
			hasScannedForEncodings = 0;
			knownRegions = (
				en,
				Base,
			);
			mainGroup = 4CA2DEC72190184E00D03DC1;
			productRefGroup = 4CA2DED12190184E00D03DC1 /* Products */;
			projectDirPath = "";
			projectRoot = "";
			targets = (
				4CA2DECF2190184E00D03DC1 /* WoongTalk */,
			);
		};
/* End PBXProject section */

/* Begin PBXResourcesBuildPhase section */
		4CA2DECE2190184E00D03DC1 /* Resources */ = {
			isa = PBXResourcesBuildPhase;
			buildActionMask = 2147483647;
			files = (
				4CA2DEDE2190185600D03DC1 /* LaunchScreen.storyboard in Resources */,
				4CA2DEE82190275B00D03DC1 /* RemoteConfigDefaults.plist in Resources */,
				4CA2DEE621901CAE00D03DC1 /* GoogleService-Info.plist in Resources */,
				4CA2DED92190184E00D03DC1 /* Main.storyboard in Resources */,
				4CA2DEEC21903AED00D03DC1 /* Assets.xcassets in Resources */,
			);
			runOnlyForDeploymentPostprocessing = 0;
		};
/* End PBXResourcesBuildPhase section */

/* Begin PBXShellScriptBuildPhase section */
		8730AF8482B7D8D8644F0AB4 /* [CP] Embed Pods Frameworks */ = {
			isa = PBXShellScriptBuildPhase;
			buildActionMask = 2147483647;
			files = (
			);
			inputFileListPaths = (
			);
			inputPaths = (
				"${SRCROOT}/Pods/Target Support Files/Pods-WoongTalk/Pods-WoongTalk-frameworks.sh",
				"${BUILT_PRODUCTS_DIR}/GTMSessionFetcher/GTMSessionFetcher.framework",
				"${BUILT_PRODUCTS_DIR}/GoogleUtilities/GoogleUtilities.framework",
				"${BUILT_PRODUCTS_DIR}/Protobuf/Protobuf.framework",
				"${BUILT_PRODUCTS_DIR}/SnapKit/SnapKit.framework",
				"${BUILT_PRODUCTS_DIR}/TextFieldEffects/TextFieldEffects.framework",
				"${BUILT_PRODUCTS_DIR}/leveldb-library/leveldb.framework",
				"${BUILT_PRODUCTS_DIR}/nanopb/nanopb.framework",
			);
			name = "[CP] Embed Pods Frameworks";
			outputFileListPaths = (
			);
			outputPaths = (
				"${TARGET_BUILD_DIR}/${FRAMEWORKS_FOLDER_PATH}/GTMSessionFetcher.framework",
				"${TARGET_BUILD_DIR}/${FRAMEWORKS_FOLDER_PATH}/GoogleUtilities.framework",
				"${TARGET_BUILD_DIR}/${FRAMEWORKS_FOLDER_PATH}/Protobuf.framework",
				"${TARGET_BUILD_DIR}/${FRAMEWORKS_FOLDER_PATH}/SnapKit.framework",
				"${TARGET_BUILD_DIR}/${FRAMEWORKS_FOLDER_PATH}/TextFieldEffects.framework",
				"${TARGET_BUILD_DIR}/${FRAMEWORKS_FOLDER_PATH}/leveldb.framework",
				"${TARGET_BUILD_DIR}/${FRAMEWORKS_FOLDER_PATH}/nanopb.framework",
			);
			runOnlyForDeploymentPostprocessing = 0;
			shellPath = /bin/sh;
			shellScript = "\"${SRCROOT}/Pods/Target Support Files/Pods-WoongTalk/Pods-WoongTalk-frameworks.sh\"\n";
			showEnvVarsInLog = 0;
		};
		8DC428CCB8C7011E8BC871A9 /* [CP] Check Pods Manifest.lock */ = {
			isa = PBXShellScriptBuildPhase;
			buildActionMask = 2147483647;
			files = (
			);
			inputFileListPaths = (
			);
			inputPaths = (
				"${PODS_PODFILE_DIR_PATH}/Podfile.lock",
				"${PODS_ROOT}/Manifest.lock",
			);
			name = "[CP] Check Pods Manifest.lock";
			outputFileListPaths = (
			);
			outputPaths = (
				"$(DERIVED_FILE_DIR)/Pods-WoongTalk-checkManifestLockResult.txt",
			);
			runOnlyForDeploymentPostprocessing = 0;
			shellPath = /bin/sh;
			shellScript = "diff \"${PODS_PODFILE_DIR_PATH}/Podfile.lock\" \"${PODS_ROOT}/Manifest.lock\" > /dev/null\nif [ $? != 0 ] ; then\n    # print error to STDERR\n    echo \"error: The sandbox is not in sync with the Podfile.lock. Run 'pod install' or update your CocoaPods installation.\" >&2\n    exit 1\nfi\n# This output is used by Xcode 'outputs' to avoid re-running this script phase.\necho \"SUCCESS\" > \"${SCRIPT_OUTPUT_FILE_0}\"\n";
			showEnvVarsInLog = 0;
		};
/* End PBXShellScriptBuildPhase section */

/* Begin PBXSourcesBuildPhase section */
		4CA2DECC2190184E00D03DC1 /* Sources */ = {
			isa = PBXSourcesBuildPhase;
			buildActionMask = 2147483647;
			files = (
				4CA2DEEA21903A4900D03DC1 /* LoginViewController.swift in Sources */,
				4CA2DED62190184E00D03DC1 /* ViewController.swift in Sources */,
				4CA2DEEE2190436400D03DC1 /* SignupViewController.swift in Sources */,
				4CCA999621983EB500B22B13 /* ChatModel.swift in Sources */,
				4CCA999321983C8500B22B13 /* ChatViewController.swift in Sources */,
				4CA2DED42190184E00D03DC1 /* AppDelegate.swift in Sources */,
				4CD2DF5D21949A140035B9D5 /* UserModel.swift in Sources */,
				4CD2DF59219436220035B9D5 /* PeopleViewController.swift in Sources */,
			);
			runOnlyForDeploymentPostprocessing = 0;
		};
/* End PBXSourcesBuildPhase section */

/* Begin PBXVariantGroup section */
		4CA2DED72190184E00D03DC1 /* Main.storyboard */ = {
			isa = PBXVariantGroup;
			children = (
				4CA2DED82190184E00D03DC1 /* Base */,
			);
			name = Main.storyboard;
			sourceTree = "<group>";
		};
		4CA2DEDC2190185600D03DC1 /* LaunchScreen.storyboard */ = {
			isa = PBXVariantGroup;
			children = (
				4CA2DEDD2190185600D03DC1 /* Base */,
			);
			name = LaunchScreen.storyboard;
			sourceTree = "<group>";
		};
/* End PBXVariantGroup section */

/* Begin XCBuildConfiguration section */
		4CA2DEE02190185600D03DC1 /* Debug */ = {
			isa = XCBuildConfiguration;
			buildSettings = {
				ALWAYS_SEARCH_USER_PATHS = NO;
				CLANG_ANALYZER_NONNULL = YES;
				CLANG_ANALYZER_NUMBER_OBJECT_CONVERSION = YES_AGGRESSIVE;
				CLANG_CXX_LANGUAGE_STANDARD = "gnu++14";
				CLANG_CXX_LIBRARY = "libc++";
				CLANG_ENABLE_MODULES = YES;
				CLANG_ENABLE_OBJC_ARC = YES;
				CLANG_ENABLE_OBJC_WEAK = YES;
				CLANG_WARN_BLOCK_CAPTURE_AUTORELEASING = YES;
				CLANG_WARN_BOOL_CONVERSION = YES;
				CLANG_WARN_COMMA = YES;
				CLANG_WARN_CONSTANT_CONVERSION = YES;
				CLANG_WARN_DEPRECATED_OBJC_IMPLEMENTATIONS = YES;
				CLANG_WARN_DIRECT_OBJC_ISA_USAGE = YES_ERROR;
				CLANG_WARN_DOCUMENTATION_COMMENTS = YES;
				CLANG_WARN_EMPTY_BODY = YES;
				CLANG_WARN_ENUM_CONVERSION = YES;
				CLANG_WARN_INFINITE_RECURSION = YES;
				CLANG_WARN_INT_CONVERSION = YES;
				CLANG_WARN_NON_LITERAL_NULL_CONVERSION = YES;
				CLANG_WARN_OBJC_IMPLICIT_RETAIN_SELF = YES;
				CLANG_WARN_OBJC_LITERAL_CONVERSION = YES;
				CLANG_WARN_OBJC_ROOT_CLASS = YES_ERROR;
				CLANG_WARN_RANGE_LOOP_ANALYSIS = YES;
				CLANG_WARN_STRICT_PROTOTYPES = YES;
				CLANG_WARN_SUSPICIOUS_MOVE = YES;
				CLANG_WARN_UNGUARDED_AVAILABILITY = YES_AGGRESSIVE;
				CLANG_WARN_UNREACHABLE_CODE = YES;
				CLANG_WARN__DUPLICATE_METHOD_MATCH = YES;
				CODE_SIGN_IDENTITY = "iPhone Developer";
				COPY_PHASE_STRIP = NO;
				DEBUG_INFORMATION_FORMAT = dwarf;
				ENABLE_STRICT_OBJC_MSGSEND = YES;
				ENABLE_TESTABILITY = YES;
				GCC_C_LANGUAGE_STANDARD = gnu11;
				GCC_DYNAMIC_NO_PIC = NO;
				GCC_NO_COMMON_BLOCKS = YES;
				GCC_OPTIMIZATION_LEVEL = 0;
				GCC_PREPROCESSOR_DEFINITIONS = (
					"DEBUG=1",
					"$(inherited)",
				);
				GCC_WARN_64_TO_32_BIT_CONVERSION = YES;
				GCC_WARN_ABOUT_RETURN_TYPE = YES_ERROR;
				GCC_WARN_UNDECLARED_SELECTOR = YES;
				GCC_WARN_UNINITIALIZED_AUTOS = YES_AGGRESSIVE;
				GCC_WARN_UNUSED_FUNCTION = YES;
				GCC_WARN_UNUSED_VARIABLE = YES;
				IPHONEOS_DEPLOYMENT_TARGET = 12.0;
				MTL_ENABLE_DEBUG_INFO = INCLUDE_SOURCE;
				MTL_FAST_MATH = YES;
				ONLY_ACTIVE_ARCH = YES;
				SDKROOT = iphoneos;
				SWIFT_ACTIVE_COMPILATION_CONDITIONS = DEBUG;
				SWIFT_OPTIMIZATION_LEVEL = "-Onone";
			};
			name = Debug;
		};
		4CA2DEE12190185600D03DC1 /* Release */ = {
			isa = XCBuildConfiguration;
			buildSettings = {
				ALWAYS_SEARCH_USER_PATHS = NO;
				CLANG_ANALYZER_NONNULL = YES;
				CLANG_ANALYZER_NUMBER_OBJECT_CONVERSION = YES_AGGRESSIVE;
				CLANG_CXX_LANGUAGE_STANDARD = "gnu++14";
				CLANG_CXX_LIBRARY = "libc++";
				CLANG_ENABLE_MODULES = YES;
				CLANG_ENABLE_OBJC_ARC = YES;
				CLANG_ENABLE_OBJC_WEAK = YES;
				CLANG_WARN_BLOCK_CAPTURE_AUTORELEASING = YES;
				CLANG_WARN_BOOL_CONVERSION = YES;
				CLANG_WARN_COMMA = YES;
				CLANG_WARN_CONSTANT_CONVERSION = YES;
				CLANG_WARN_DEPRECATED_OBJC_IMPLEMENTATIONS = YES;
				CLANG_WARN_DIRECT_OBJC_ISA_USAGE = YES_ERROR;
				CLANG_WARN_DOCUMENTATION_COMMENTS = YES;
				CLANG_WARN_EMPTY_BODY = YES;
				CLANG_WARN_ENUM_CONVERSION = YES;
				CLANG_WARN_INFINITE_RECURSION = YES;
				CLANG_WARN_INT_CONVERSION = YES;
				CLANG_WARN_NON_LITERAL_NULL_CONVERSION = YES;
				CLANG_WARN_OBJC_IMPLICIT_RETAIN_SELF = YES;
				CLANG_WARN_OBJC_LITERAL_CONVERSION = YES;
				CLANG_WARN_OBJC_ROOT_CLASS = YES_ERROR;
				CLANG_WARN_RANGE_LOOP_ANALYSIS = YES;
				CLANG_WARN_STRICT_PROTOTYPES = YES;
				CLANG_WARN_SUSPICIOUS_MOVE = YES;
				CLANG_WARN_UNGUARDED_AVAILABILITY = YES_AGGRESSIVE;
				CLANG_WARN_UNREACHABLE_CODE = YES;
				CLANG_WARN__DUPLICATE_METHOD_MATCH = YES;
				CODE_SIGN_IDENTITY = "iPhone Developer";
				COPY_PHASE_STRIP = NO;
				DEBUG_INFORMATION_FORMAT = "dwarf-with-dsym";
				ENABLE_NS_ASSERTIONS = NO;
				ENABLE_STRICT_OBJC_MSGSEND = YES;
				GCC_C_LANGUAGE_STANDARD = gnu11;
				GCC_NO_COMMON_BLOCKS = YES;
				GCC_WARN_64_TO_32_BIT_CONVERSION = YES;
				GCC_WARN_ABOUT_RETURN_TYPE = YES_ERROR;
				GCC_WARN_UNDECLARED_SELECTOR = YES;
				GCC_WARN_UNINITIALIZED_AUTOS = YES_AGGRESSIVE;
				GCC_WARN_UNUSED_FUNCTION = YES;
				GCC_WARN_UNUSED_VARIABLE = YES;
				IPHONEOS_DEPLOYMENT_TARGET = 12.0;
				MTL_ENABLE_DEBUG_INFO = NO;
				MTL_FAST_MATH = YES;
				SDKROOT = iphoneos;
				SWIFT_COMPILATION_MODE = wholemodule;
				SWIFT_OPTIMIZATION_LEVEL = "-O";
				VALIDATE_PRODUCT = YES;
			};
			name = Release;
		};
		4CA2DEE32190185600D03DC1 /* Debug */ = {
			isa = XCBuildConfiguration;
			baseConfigurationReference = 1CCAEA20DFAA39B26A017537 /* Pods-WoongTalk.debug.xcconfig */;
			buildSettings = {
				ASSETCATALOG_COMPILER_APPICON_NAME = AppIcon;
				CODE_SIGN_STYLE = Automatic;
				INFOPLIST_FILE = WoongTalk/Info.plist;
				LD_RUNPATH_SEARCH_PATHS = (
					"$(inherited)",
					"@executable_path/Frameworks",
				);
				PRODUCT_BUNDLE_IDENTIFIER = kr.woong.WoongTalk;
				PRODUCT_NAME = "$(TARGET_NAME)";
				SWIFT_VERSION = 4.2;
				TARGETED_DEVICE_FAMILY = "1,2";
			};
			name = Debug;
		};
		4CA2DEE42190185600D03DC1 /* Release */ = {
			isa = XCBuildConfiguration;
			baseConfigurationReference = 6F97289EEDA0DC5962FE556A /* Pods-WoongTalk.release.xcconfig */;
			buildSettings = {
				ASSETCATALOG_COMPILER_APPICON_NAME = AppIcon;
				CODE_SIGN_STYLE = Automatic;
				INFOPLIST_FILE = WoongTalk/Info.plist;
				LD_RUNPATH_SEARCH_PATHS = (
					"$(inherited)",
					"@executable_path/Frameworks",
				);
				PRODUCT_BUNDLE_IDENTIFIER = kr.woong.WoongTalk;
				PRODUCT_NAME = "$(TARGET_NAME)";
				SWIFT_VERSION = 4.2;
				TARGETED_DEVICE_FAMILY = "1,2";
			};
			name = Release;
		};
/* End XCBuildConfiguration section */

/* Begin XCConfigurationList section */
		4CA2DECB2190184E00D03DC1 /* Build configuration list for PBXProject "WoongTalk" */ = {
			isa = XCConfigurationList;
			buildConfigurations = (
				4CA2DEE02190185600D03DC1 /* Debug */,
				4CA2DEE12190185600D03DC1 /* Release */,
			);
			defaultConfigurationIsVisible = 0;
			defaultConfigurationName = Release;
		};
		4CA2DEE22190185600D03DC1 /* Build configuration list for PBXNativeTarget "WoongTalk" */ = {
			isa = XCConfigurationList;
			buildConfigurations = (
				4CA2DEE32190185600D03DC1 /* Debug */,
				4CA2DEE42190185600D03DC1 /* Release */,
			);
			defaultConfigurationIsVisible = 0;
			defaultConfigurationName = Release;
		};
/* End XCConfigurationList section */
	};
	rootObject = 4CA2DEC82190184E00D03DC1 /* Project object */;
}
